
Microsoft Visual Studio Solution File, Format Version 12.00
Project("{FAE04EC0-301F-11D3-BF4B-00C04F79EFBC}") = "Generator", "Generator\Generator.csproj", "{261A485A-ED28-458D-BDDF-85987683C52D}"
EndProject
Project("{FAE04EC0-301F-11D3-BF4B-00C04F79EFBC}") = "Sorter", "Sorter\Sorter.csproj", "{3AD93281-8966-4141-A5CA-C1E1499FBC40}"
EndProject
Project("{FAE04EC0-301F-11D3-BF4B-00C04F79EFBC}") = "Common", "Common\Common.csproj", "{ED93AAC5-1AFC-4ED4-AEEE-6412EB00E8A4}"
EndProject
Global
	GlobalSection(SolutionConfigurationPlatforms) = preSolution
		Debug|Any CPU = Debug|Any CPU
		Release|Any CPU = Release|Any CPU
	EndGlobalSection
	GlobalSection(ProjectConfigurationPlatforms) = postSolution
		{261A485A-ED28-458D-BDDF-85987683C52D}.Debug|Any CPU.ActiveCfg = Debug|Any CPU
		{261A485A-ED28-458D-BDDF-85987683C52D}.Debug|Any CPU.Build.0 = Debug|Any CPU
		{261A485A-ED28-458D-BDDF-85987683C52D}.Release|Any CPU.ActiveCfg = Release|Any CPU
		{261A485A-ED28-458D-BDDF-85987683C52D}.Release|Any CPU.Build.0 = Release|Any CPU
		{3AD93281-8966-4141-A5CA-C1E1499FBC40}.Debug|Any CPU.ActiveCfg = Debug|Any CPU
		{3AD93281-8966-4141-A5CA-C1E1499FBC40}.Debug|Any CPU.Build.0 = Debug|Any CPU
		{3AD93281-8966-4141-A5CA-C1E1499FBC40}.Release|Any CPU.ActiveCfg = Release|Any CPU
		{3AD93281-8966-4141-A5CA-C1E1499FBC40}.Release|Any CPU.Build.0 = Release|Any CPU
		{ED93AAC5-1AFC-4ED4-AEEE-6412EB00E8A4}.Debug|Any CPU.ActiveCfg = Debug|Any CPU
		{ED93AAC5-1AFC-4ED4-AEEE-6412EB00E8A4}.Debug|Any CPU.Build.0 = Debug|Any CPU
		{ED93AAC5-1AFC-4ED4-AEEE-6412EB00E8A4}.Release|Any CPU.ActiveCfg = Release|Any CPU
		{ED93AAC5-1AFC-4ED4-AEEE-6412EB00E8A4}.Release|Any CPU.Build.0 = Release|Any CPU
	EndGlobalSection
EndGlobal
